
Microsoft Visual Studio Solution File, Format Version 12.00
# Visual Studio Version 17
VisualStudioVersion = 17.5.33414.496
MinimumVisualStudioVersion = 10.0.40219.1
Project("{FAE04EC0-301F-11D3-BF4B-00C04F79EFBC}") = "AcademiaAtos_Exercicio09", "AcademiaAtos_Exercicio09.csproj", "{CD9EF677-F7D9-4C92-8608-79CAF7F33677}"
EndProject
Global
	GlobalSection(SolutionConfigurationPlatforms) = preSolution
		Debug|Any CPU = Debug|Any CPU
		Release|Any CPU = Release|Any CPU
	EndGlobalSection
	GlobalSection(ProjectConfigurationPlatforms) = postSolution
		{CD9EF677-F7D9-4C92-8608-79CAF7F33677}.Debug|Any CPU.ActiveCfg = Debug|Any CPU
		{CD9EF677-F7D9-4C92-8608-79CAF7F33677}.Debug|Any CPU.Build.0 = Debug|Any CPU
		{CD9EF677-F7D9-4C92-8608-79CAF7F33677}.Release|Any CPU.ActiveCfg = Release|Any CPU
		{CD9EF677-F7D9-4C92-8608-79CAF7F33677}.Release|Any CPU.Build.0 = Release|Any CPU
	EndGlobalSection
	GlobalSection(SolutionProperties) = preSolution
		HideSolutionNode = FALSE
	EndGlobalSection
	GlobalSection(ExtensibilityGlobals) = postSolution
		SolutionGuid = {F9700E3A-C8FD-45B6-A39E-7865AC454E0E}
	EndGlobalSection
EndGlobal
