
Microsoft Visual Studio Solution File, Format Version 12.00
# Visual Studio Version 17
VisualStudioVersion = 17.5.33414.496
MinimumVisualStudioVersion = 10.0.40219.1
Project("{FAE04EC0-301F-11D3-BF4B-00C04F79EFBC}") = "AcademiaAtos_Exercicio03", "AcademiaAtos_Exercicio03.csproj", "{AFE3BC7F-4596-4962-90F8-ACED12671231}"
EndProject
Global
	GlobalSection(SolutionConfigurationPlatforms) = preSolution
		Debug|Any CPU = Debug|Any CPU
		Release|Any CPU = Release|Any CPU
	EndGlobalSection
	GlobalSection(ProjectConfigurationPlatforms) = postSolution
		{AFE3BC7F-4596-4962-90F8-ACED12671231}.Debug|Any CPU.ActiveCfg = Debug|Any CPU
		{AFE3BC7F-4596-4962-90F8-ACED12671231}.Debug|Any CPU.Build.0 = Debug|Any CPU
		{AFE3BC7F-4596-4962-90F8-ACED12671231}.Release|Any CPU.ActiveCfg = Release|Any CPU
		{AFE3BC7F-4596-4962-90F8-ACED12671231}.Release|Any CPU.Build.0 = Release|Any CPU
	EndGlobalSection
	GlobalSection(SolutionProperties) = preSolution
		HideSolutionNode = FALSE
	EndGlobalSection
	GlobalSection(ExtensibilityGlobals) = postSolution
		SolutionGuid = {0F69252B-7E54-4C8A-B948-24399A8B2BFC}
	EndGlobalSection
EndGlobal
