
Microsoft Visual Studio Solution File, Format Version 12.00
# Visual Studio Version 17
VisualStudioVersion = 17.5.33414.496
MinimumVisualStudioVersion = 10.0.40219.1
Project("{FAE04EC0-301F-11D3-BF4B-00C04F79EFBC}") = "AcademiaAtos_Exercicio14", "AcademiaAtos_Exercicio14.csproj", "{A16F3539-8502-4034-980D-61084AC561EC}"
EndProject
Global
	GlobalSection(SolutionConfigurationPlatforms) = preSolution
		Debug|Any CPU = Debug|Any CPU
		Release|Any CPU = Release|Any CPU
	EndGlobalSection
	GlobalSection(ProjectConfigurationPlatforms) = postSolution
		{A16F3539-8502-4034-980D-61084AC561EC}.Debug|Any CPU.ActiveCfg = Debug|Any CPU
		{A16F3539-8502-4034-980D-61084AC561EC}.Debug|Any CPU.Build.0 = Debug|Any CPU
		{A16F3539-8502-4034-980D-61084AC561EC}.Release|Any CPU.ActiveCfg = Release|Any CPU
		{A16F3539-8502-4034-980D-61084AC561EC}.Release|Any CPU.Build.0 = Release|Any CPU
	EndGlobalSection
	GlobalSection(SolutionProperties) = preSolution
		HideSolutionNode = FALSE
	EndGlobalSection
	GlobalSection(ExtensibilityGlobals) = postSolution
		SolutionGuid = {117FE01E-A499-447A-95ED-575B47A1A8E7}
	EndGlobalSection
EndGlobal
