
Microsoft Visual Studio Solution File, Format Version 12.00
# Visual Studio Version 17
VisualStudioVersion = 17.5.33414.496
MinimumVisualStudioVersion = 10.0.40219.1
Project("{FAE04EC0-301F-11D3-BF4B-00C04F79EFBC}") = "AcademiaAtos_Exercicio07", "AcademiaAtos_Exercicio07.csproj", "{9E12817C-7CC9-4F2A-8650-23D8CF33C8D5}"
EndProject
Global
	GlobalSection(SolutionConfigurationPlatforms) = preSolution
		Debug|Any CPU = Debug|Any CPU
		Release|Any CPU = Release|Any CPU
	EndGlobalSection
	GlobalSection(ProjectConfigurationPlatforms) = postSolution
		{9E12817C-7CC9-4F2A-8650-23D8CF33C8D5}.Debug|Any CPU.ActiveCfg = Debug|Any CPU
		{9E12817C-7CC9-4F2A-8650-23D8CF33C8D5}.Debug|Any CPU.Build.0 = Debug|Any CPU
		{9E12817C-7CC9-4F2A-8650-23D8CF33C8D5}.Release|Any CPU.ActiveCfg = Release|Any CPU
		{9E12817C-7CC9-4F2A-8650-23D8CF33C8D5}.Release|Any CPU.Build.0 = Release|Any CPU
	EndGlobalSection
	GlobalSection(SolutionProperties) = preSolution
		HideSolutionNode = FALSE
	EndGlobalSection
	GlobalSection(ExtensibilityGlobals) = postSolution
		SolutionGuid = {61A3B744-9267-4B16-8B76-D1D1A5617125}
	EndGlobalSection
EndGlobal
