
Microsoft Visual Studio Solution File, Format Version 12.00
# Visual Studio Version 17
VisualStudioVersion = 17.5.33414.496
MinimumVisualStudioVersion = 10.0.40219.1
Project("{FAE04EC0-301F-11D3-BF4B-00C04F79EFBC}") = "AcademiaAtos_Exercicio08", "AcademiaAtos_Exercicio08.csproj", "{B32CD353-16EB-4408-B0F9-5B8BD66EA60D}"
EndProject
Global
	GlobalSection(SolutionConfigurationPlatforms) = preSolution
		Debug|Any CPU = Debug|Any CPU
		Release|Any CPU = Release|Any CPU
	EndGlobalSection
	GlobalSection(ProjectConfigurationPlatforms) = postSolution
		{B32CD353-16EB-4408-B0F9-5B8BD66EA60D}.Debug|Any CPU.ActiveCfg = Debug|Any CPU
		{B32CD353-16EB-4408-B0F9-5B8BD66EA60D}.Debug|Any CPU.Build.0 = Debug|Any CPU
		{B32CD353-16EB-4408-B0F9-5B8BD66EA60D}.Release|Any CPU.ActiveCfg = Release|Any CPU
		{B32CD353-16EB-4408-B0F9-5B8BD66EA60D}.Release|Any CPU.Build.0 = Release|Any CPU
	EndGlobalSection
	GlobalSection(SolutionProperties) = preSolution
		HideSolutionNode = FALSE
	EndGlobalSection
	GlobalSection(ExtensibilityGlobals) = postSolution
		SolutionGuid = {04BE4993-A62C-43B9-B24E-C27D992A4DB5}
	EndGlobalSection
EndGlobal
