
Microsoft Visual Studio Solution File, Format Version 12.00
# Visual Studio Version 17
VisualStudioVersion = 17.5.33414.496
MinimumVisualStudioVersion = 10.0.40219.1
Project("{FAE04EC0-301F-11D3-BF4B-00C04F79EFBC}") = "AcademiaAtos_Exercicio01", "AcademiaAtos_Exercicio01.csproj", "{5B418691-725B-44DE-BC51-8A01D0A9395B}"
EndProject
Global
	GlobalSection(SolutionConfigurationPlatforms) = preSolution
		Debug|Any CPU = Debug|Any CPU
		Release|Any CPU = Release|Any CPU
	EndGlobalSection
	GlobalSection(ProjectConfigurationPlatforms) = postSolution
		{5B418691-725B-44DE-BC51-8A01D0A9395B}.Debug|Any CPU.ActiveCfg = Debug|Any CPU
		{5B418691-725B-44DE-BC51-8A01D0A9395B}.Debug|Any CPU.Build.0 = Debug|Any CPU
		{5B418691-725B-44DE-BC51-8A01D0A9395B}.Release|Any CPU.ActiveCfg = Release|Any CPU
		{5B418691-725B-44DE-BC51-8A01D0A9395B}.Release|Any CPU.Build.0 = Release|Any CPU
	EndGlobalSection
	GlobalSection(SolutionProperties) = preSolution
		HideSolutionNode = FALSE
	EndGlobalSection
	GlobalSection(ExtensibilityGlobals) = postSolution
		SolutionGuid = {FF5DC409-7764-403B-8D13-7034B6C9F382}
	EndGlobalSection
EndGlobal
